
Microsoft Visual Studio Solution File, Format Version 12.00
# Visual Studio 15
VisualStudioVersion = 15.0.27703.2018
MinimumVisualStudioVersion = 10.0.40219.1
Project("{FAE04EC0-301F-11D3-BF4B-00C04F79EFBC}") = "AutoServiceApp", "AutoServiceApp\AutoServiceApp.csproj", "{FA14B871-4FD9-436F-8D41-1412E649B095}"
EndProject
Global
	GlobalSection(SolutionConfigurationPlatforms) = preSolution
		Debug|Any CPU = Debug|Any CPU
		Release|Any CPU = Release|Any CPU
	EndGlobalSection
	GlobalSection(ProjectConfigurationPlatforms) = postSolution
		{FA14B871-4FD9-436F-8D41-1412E649B095}.Debug|Any CPU.ActiveCfg = Debug|Any CPU
		{FA14B871-4FD9-436F-8D41-1412E649B095}.Debug|Any CPU.Build.0 = Debug|Any CPU
		{FA14B871-4FD9-436F-8D41-1412E649B095}.Release|Any CPU.ActiveCfg = Release|Any CPU
		{FA14B871-4FD9-436F-8D41-1412E649B095}.Release|Any CPU.Build.0 = Release|Any CPU
	EndGlobalSection
	GlobalSection(SolutionProperties) = preSolution
		HideSolutionNode = FALSE
	EndGlobalSection
	GlobalSection(ExtensibilityGlobals) = postSolution
		SolutionGuid = {83DFC400-C224-4669-B4F2-F88A7EFDAE29}
	EndGlobalSection
EndGlobal
